
Microsoft Visual Studio Solution File, Format Version 12.00
# Visual Studio Version 16
VisualStudioVersion = 16.0.31624.102
MinimumVisualStudioVersion = 10.0.40219.1
Project("{FAE04EC0-301F-11D3-BF4B-00C04F79EFBC}") = "Web4", "Web4.csproj", "{5E9A5BC6-3F7B-4DDA-9437-8A0AC6644178}"
EndProject
Global
	GlobalSection(SolutionConfigurationPlatforms) = preSolution
		Debug|Any CPU = Debug|Any CPU
		Release|Any CPU = Release|Any CPU
	EndGlobalSection
	GlobalSection(ProjectConfigurationPlatforms) = postSolution
		{5E9A5BC6-3F7B-4DDA-9437-8A0AC6644178}.Debug|Any CPU.ActiveCfg = Debug|Any CPU
		{5E9A5BC6-3F7B-4DDA-9437-8A0AC6644178}.Debug|Any CPU.Build.0 = Debug|Any CPU
		{5E9A5BC6-3F7B-4DDA-9437-8A0AC6644178}.Release|Any CPU.ActiveCfg = Release|Any CPU
		{5E9A5BC6-3F7B-4DDA-9437-8A0AC6644178}.Release|Any CPU.Build.0 = Release|Any CPU
	EndGlobalSection
	GlobalSection(SolutionProperties) = preSolution
		HideSolutionNode = FALSE
	EndGlobalSection
	GlobalSection(ExtensibilityGlobals) = postSolution
		SolutionGuid = {21E9C514-4B0C-4A6F-8958-A68CB41BE01F}
	EndGlobalSection
EndGlobal
